
Microsoft Visual Studio Solution File, Format Version 12.00
# Visual Studio Version 16
VisualStudioVersion = 16.0.32126.315
MinimumVisualStudioVersion = 10.0.40219.1
Project("{F184B08F-C81C-45F6-A57F-5ABD9991F28F}") = "Tenis", "Tenis.vbproj", "{B22FBB6A-AB71-4F76-8A01-0ADA830B905B}"
EndProject
Global
	GlobalSection(SolutionConfigurationPlatforms) = preSolution
		Debug|Any CPU = Debug|Any CPU
		Release|Any CPU = Release|Any CPU
	EndGlobalSection
	GlobalSection(ProjectConfigurationPlatforms) = postSolution
		{B22FBB6A-AB71-4F76-8A01-0ADA830B905B}.Debug|Any CPU.ActiveCfg = Debug|Any CPU
		{B22FBB6A-AB71-4F76-8A01-0ADA830B905B}.Debug|Any CPU.Build.0 = Debug|Any CPU
		{B22FBB6A-AB71-4F76-8A01-0ADA830B905B}.Release|Any CPU.ActiveCfg = Release|Any CPU
		{B22FBB6A-AB71-4F76-8A01-0ADA830B905B}.Release|Any CPU.Build.0 = Release|Any CPU
	EndGlobalSection
	GlobalSection(SolutionProperties) = preSolution
		HideSolutionNode = FALSE
	EndGlobalSection
	GlobalSection(ExtensibilityGlobals) = postSolution
		SolutionGuid = {14365A73-37FC-42EA-8769-BAFBBB55E498}
	EndGlobalSection
EndGlobal
